
Microsoft Visual Studio Solution File, Format Version 12.00
Project("{FAE04EC0-301F-11D3-BF4B-00C04F79EFBC}") = "EveBountyCounter", "EveBountyCounter\EveBountyCounter.csproj", "{F8F352ED-421A-447A-A6E7-50A30829B184}"
EndProject
Project("{FAE04EC0-301F-11D3-BF4B-00C04F79EFBC}") = "EveBountyCounter.Counter", "EveBountyCounter.Counter\EveBountyCounter.Counter.csproj", "{A9F08529-C726-4EE3-9EAC-3A82FE603579}"
EndProject
Project("{FAE04EC0-301F-11D3-BF4B-00C04F79EFBC}") = "EveBountyHunter.Configuration", "EveBountyHunter.Configuration\EveBountyHunter.Configuration.csproj", "{31E9765B-67AB-45C0-A594-B707BE653B42}"
EndProject
Global
	GlobalSection(SolutionConfigurationPlatforms) = preSolution
		Debug|Any CPU = Debug|Any CPU
		Release|Any CPU = Release|Any CPU
	EndGlobalSection
	GlobalSection(ProjectConfigurationPlatforms) = postSolution
		{F8F352ED-421A-447A-A6E7-50A30829B184}.Debug|Any CPU.ActiveCfg = Debug|Any CPU
		{F8F352ED-421A-447A-A6E7-50A30829B184}.Debug|Any CPU.Build.0 = Debug|Any CPU
		{F8F352ED-421A-447A-A6E7-50A30829B184}.Release|Any CPU.ActiveCfg = Release|Any CPU
		{F8F352ED-421A-447A-A6E7-50A30829B184}.Release|Any CPU.Build.0 = Release|Any CPU
		{A9F08529-C726-4EE3-9EAC-3A82FE603579}.Debug|Any CPU.ActiveCfg = Debug|Any CPU
		{A9F08529-C726-4EE3-9EAC-3A82FE603579}.Debug|Any CPU.Build.0 = Debug|Any CPU
		{A9F08529-C726-4EE3-9EAC-3A82FE603579}.Release|Any CPU.ActiveCfg = Release|Any CPU
		{A9F08529-C726-4EE3-9EAC-3A82FE603579}.Release|Any CPU.Build.0 = Release|Any CPU
		{31E9765B-67AB-45C0-A594-B707BE653B42}.Debug|Any CPU.ActiveCfg = Debug|Any CPU
		{31E9765B-67AB-45C0-A594-B707BE653B42}.Debug|Any CPU.Build.0 = Debug|Any CPU
		{31E9765B-67AB-45C0-A594-B707BE653B42}.Release|Any CPU.ActiveCfg = Release|Any CPU
		{31E9765B-67AB-45C0-A594-B707BE653B42}.Release|Any CPU.Build.0 = Release|Any CPU
	EndGlobalSection
EndGlobal
